
Microsoft Visual Studio Solution File, Format Version 12.00
# Visual Studio Version 16
VisualStudioVersion = 16.0.31321.278
MinimumVisualStudioVersion = 10.0.40219.1
Project("{2150E333-8FDC-42A3-9474-1A3956D46DE8}") = "WebStore", "WebStore", "{0D5BA374-C325-476E-820C-493E03E0A364}"
EndProject
Project("{2150E333-8FDC-42A3-9474-1A3956D46DE8}") = "Services", "Services", "{EA511A6A-5996-4679-B18E-5F7CAADE0593}"
EndProject
Project("{2150E333-8FDC-42A3-9474-1A3956D46DE8}") = "Schedule", "Schedule", "{E5A9445B-1B0F-46ED-9615-48E3FBCF0BA9}"
EndProject
Project("{2150E333-8FDC-42A3-9474-1A3956D46DE8}") = "Model", "Model", "{DB0E3859-6106-4469-89A2-E5CB6CD8F496}"
EndProject
Project("{2150E333-8FDC-42A3-9474-1A3956D46DE8}") = "Services", "Services", "{1A5CFA88-257F-4F23-90DF-0652D28BCFF1}"
EndProject
Project("{2150E333-8FDC-42A3-9474-1A3956D46DE8}") = "Persistence", "Persistence", "{9B32F8A3-7C75-4885-8600-57E26DCD5B34}"
EndProject
Project("{2150E333-8FDC-42A3-9474-1A3956D46DE8}") = "UnitTest", "UnitTest", "{1D1F5622-100D-4EFC-8F7C-70F1810898FB}"
EndProject
Project("{2150E333-8FDC-42A3-9474-1A3956D46DE8}") = "Api", "Api", "{EF34CBDA-84AC-4A29-B23C-DBBB6275029F}"
EndProject
Project("{2150E333-8FDC-42A3-9474-1A3956D46DE8}") = "Common", "Common", "{4FFAC92F-94B7-4202-A83F-F3F1C116F8F2}"
EndProject
Project("{9A19103F-16F7-4668-BE54-9A1E7A4F7556}") = "Service.Common.Collection", "Services\Common\Services.Common.Collection\Service.Common.Collection.csproj", "{E1B17DE2-6FC6-4B11-9CB0-237566EE558A}"
EndProject
Project("{9A19103F-16F7-4668-BE54-9A1E7A4F7556}") = "Service.Common.Mapper", "Services\Common\Service.Common.Mapper\Service.Common.Mapper.csproj", "{8FCA01A1-94F0-42B0-BFA4-184B49710750}"
EndProject
Project("{9A19103F-16F7-4668-BE54-9A1E7A4F7556}") = "Service.Common.Paging", "Services\Common\Service.Common.Paging\Service.Common.Paging.csproj", "{8A5C7153-E197-45FC-91D4-9A8CF13D783E}"
EndProject
Project("{9A19103F-16F7-4668-BE54-9A1E7A4F7556}") = "Schedule.Persistence.Database", "Services\Schedule\Persistence\Schedule.Persistence.Database\Schedule.Persistence.Database.csproj", "{F5B5A5F4-7DD2-4279-AE11-08EFF68BECF0}"
EndProject
Project("{9A19103F-16F7-4668-BE54-9A1E7A4F7556}") = "Schedule.Domain", "Services\Schedule\Model\Schedule.Domain\Schedule.Domain.csproj", "{076C654B-B70B-41CF-8C50-6A1B9718F2A5}"
EndProject
Project("{9A19103F-16F7-4668-BE54-9A1E7A4F7556}") = "Service.Common.RandomEx", "Services\Common\Service.Common.Random\Service.Common.RandomEx.csproj", "{FF6BB1E1-EC51-4F10-B0A7-B00D433A695E}"
EndProject
Project("{9A19103F-16F7-4668-BE54-9A1E7A4F7556}") = "Schedule.Api", "Services\Schedule\Api\Schedule.Api\Schedule.Api.csproj", "{A123A881-2C5E-4A42-A5DA-3D5039C0598D}"
EndProject
Project("{9092AA53-FB77-4645-B42D-1CCCA6BD08BD}") = "Airline", "WebStore\Airline\Airline.njsproj", "{4AA25B6A-8205-4038-B7D5-4917039EBFD0}"
EndProject
Project("{2150E333-8FDC-42A3-9474-1A3956D46DE8}") = "Station", "Station", "{BEC7F52F-1872-4167-9BD6-E8EC502422E6}"
EndProject
Project("{2150E333-8FDC-42A3-9474-1A3956D46DE8}") = "Api", "Api", "{4156D2DE-3F28-46AE-886F-D7066BAFB0A0}"
EndProject
Project("{2150E333-8FDC-42A3-9474-1A3956D46DE8}") = "Model", "Model", "{CC372B80-011D-4AD3-A65F-A12188799DD7}"
EndProject
Project("{2150E333-8FDC-42A3-9474-1A3956D46DE8}") = "Services", "Services", "{DCE185D9-A0A9-4ABD-A8B8-E9539395C3AC}"
EndProject
Project("{2150E333-8FDC-42A3-9474-1A3956D46DE8}") = "Persistence", "Persistence", "{414A37F4-478D-4443-B707-E5DD78896D5B}"
EndProject
Project("{2150E333-8FDC-42A3-9474-1A3956D46DE8}") = "UnitTest", "UnitTest", "{C9FE0CA5-42E1-4B08-ABAE-0CD14BAE767B}"
EndProject
Project("{9A19103F-16F7-4668-BE54-9A1E7A4F7556}") = "Station.Model", "Services\Station\Model\Station.Model\Station.Model.csproj", "{579E63A1-EC6D-489A-A892-AD8EE615DDB2}"
EndProject
Project("{9A19103F-16F7-4668-BE54-9A1E7A4F7556}") = "Station.Persistence.Database", "Services\Station\Persistence\Station.Persistence.Database\Station.Persistence.Database.csproj", "{84B963E6-CCB6-4DA8-8064-F5B2E387BE9A}"
EndProject
Project("{9A19103F-16F7-4668-BE54-9A1E7A4F7556}") = "Service.Common.MasterCollection", "Services\Common\Service.Common.MasterCollection\Service.Common.MasterCollection.csproj", "{B246417A-4D99-4A4E-9E04-DC52D4A698FF}"
EndProject
Project("{9A19103F-16F7-4668-BE54-9A1E7A4F7556}") = "Station.Service.Queries", "Services\Station\Services\Station.Service.Queries\Station.Service.Queries.csproj", "{12542D74-067C-458B-9B64-43BBBDA2D0DB}"
EndProject
Project("{9A19103F-16F7-4668-BE54-9A1E7A4F7556}") = "Station.Api", "Services\Station\Api\Station.Api\Station.Api.csproj", "{EC845428-DB9D-4C48-AF30-236116379122}"
EndProject
Project("{9A19103F-16F7-4668-BE54-9A1E7A4F7556}") = "Schedule.Service.Queries", "Services\Schedule\Services\Schedule.Service.Queries\Schedule.Service.Queries.csproj", "{BF7A736A-8A11-4F72-854F-6A249CF58F5A}"
EndProject
Global
	GlobalSection(SolutionConfigurationPlatforms) = preSolution
		Debug|Any CPU = Debug|Any CPU
		Release|Any CPU = Release|Any CPU
	EndGlobalSection
	GlobalSection(ProjectConfigurationPlatforms) = postSolution
		{E1B17DE2-6FC6-4B11-9CB0-237566EE558A}.Debug|Any CPU.ActiveCfg = Debug|Any CPU
		{E1B17DE2-6FC6-4B11-9CB0-237566EE558A}.Debug|Any CPU.Build.0 = Debug|Any CPU
		{E1B17DE2-6FC6-4B11-9CB0-237566EE558A}.Release|Any CPU.ActiveCfg = Release|Any CPU
		{E1B17DE2-6FC6-4B11-9CB0-237566EE558A}.Release|Any CPU.Build.0 = Release|Any CPU
		{8FCA01A1-94F0-42B0-BFA4-184B49710750}.Debug|Any CPU.ActiveCfg = Debug|Any CPU
		{8FCA01A1-94F0-42B0-BFA4-184B49710750}.Debug|Any CPU.Build.0 = Debug|Any CPU
		{8FCA01A1-94F0-42B0-BFA4-184B49710750}.Release|Any CPU.ActiveCfg = Release|Any CPU
		{8FCA01A1-94F0-42B0-BFA4-184B49710750}.Release|Any CPU.Build.0 = Release|Any CPU
		{8A5C7153-E197-45FC-91D4-9A8CF13D783E}.Debug|Any CPU.ActiveCfg = Debug|Any CPU
		{8A5C7153-E197-45FC-91D4-9A8CF13D783E}.Debug|Any CPU.Build.0 = Debug|Any CPU
		{8A5C7153-E197-45FC-91D4-9A8CF13D783E}.Release|Any CPU.ActiveCfg = Release|Any CPU
		{8A5C7153-E197-45FC-91D4-9A8CF13D783E}.Release|Any CPU.Build.0 = Release|Any CPU
		{F5B5A5F4-7DD2-4279-AE11-08EFF68BECF0}.Debug|Any CPU.ActiveCfg = Debug|Any CPU
		{F5B5A5F4-7DD2-4279-AE11-08EFF68BECF0}.Debug|Any CPU.Build.0 = Debug|Any CPU
		{F5B5A5F4-7DD2-4279-AE11-08EFF68BECF0}.Release|Any CPU.ActiveCfg = Release|Any CPU
		{F5B5A5F4-7DD2-4279-AE11-08EFF68BECF0}.Release|Any CPU.Build.0 = Release|Any CPU
		{076C654B-B70B-41CF-8C50-6A1B9718F2A5}.Debug|Any CPU.ActiveCfg = Debug|Any CPU
		{076C654B-B70B-41CF-8C50-6A1B9718F2A5}.Debug|Any CPU.Build.0 = Debug|Any CPU
		{076C654B-B70B-41CF-8C50-6A1B9718F2A5}.Release|Any CPU.ActiveCfg = Release|Any CPU
		{076C654B-B70B-41CF-8C50-6A1B9718F2A5}.Release|Any CPU.Build.0 = Release|Any CPU
		{FF6BB1E1-EC51-4F10-B0A7-B00D433A695E}.Debug|Any CPU.ActiveCfg = Debug|Any CPU
		{FF6BB1E1-EC51-4F10-B0A7-B00D433A695E}.Debug|Any CPU.Build.0 = Debug|Any CPU
		{FF6BB1E1-EC51-4F10-B0A7-B00D433A695E}.Release|Any CPU.ActiveCfg = Release|Any CPU
		{FF6BB1E1-EC51-4F10-B0A7-B00D433A695E}.Release|Any CPU.Build.0 = Release|Any CPU
		{A123A881-2C5E-4A42-A5DA-3D5039C0598D}.Debug|Any CPU.ActiveCfg = Debug|Any CPU
		{A123A881-2C5E-4A42-A5DA-3D5039C0598D}.Debug|Any CPU.Build.0 = Debug|Any CPU
		{A123A881-2C5E-4A42-A5DA-3D5039C0598D}.Release|Any CPU.ActiveCfg = Release|Any CPU
		{A123A881-2C5E-4A42-A5DA-3D5039C0598D}.Release|Any CPU.Build.0 = Release|Any CPU
		{4AA25B6A-8205-4038-B7D5-4917039EBFD0}.Debug|Any CPU.ActiveCfg = Debug|Any CPU
		{4AA25B6A-8205-4038-B7D5-4917039EBFD0}.Debug|Any CPU.Build.0 = Debug|Any CPU
		{4AA25B6A-8205-4038-B7D5-4917039EBFD0}.Release|Any CPU.ActiveCfg = Release|Any CPU
		{4AA25B6A-8205-4038-B7D5-4917039EBFD0}.Release|Any CPU.Build.0 = Release|Any CPU
		{579E63A1-EC6D-489A-A892-AD8EE615DDB2}.Debug|Any CPU.ActiveCfg = Debug|Any CPU
		{579E63A1-EC6D-489A-A892-AD8EE615DDB2}.Debug|Any CPU.Build.0 = Debug|Any CPU
		{579E63A1-EC6D-489A-A892-AD8EE615DDB2}.Release|Any CPU.ActiveCfg = Release|Any CPU
		{579E63A1-EC6D-489A-A892-AD8EE615DDB2}.Release|Any CPU.Build.0 = Release|Any CPU
		{84B963E6-CCB6-4DA8-8064-F5B2E387BE9A}.Debug|Any CPU.ActiveCfg = Debug|Any CPU
		{84B963E6-CCB6-4DA8-8064-F5B2E387BE9A}.Debug|Any CPU.Build.0 = Debug|Any CPU
		{84B963E6-CCB6-4DA8-8064-F5B2E387BE9A}.Release|Any CPU.ActiveCfg = Release|Any CPU
		{84B963E6-CCB6-4DA8-8064-F5B2E387BE9A}.Release|Any CPU.Build.0 = Release|Any CPU
		{B246417A-4D99-4A4E-9E04-DC52D4A698FF}.Debug|Any CPU.ActiveCfg = Debug|Any CPU
		{B246417A-4D99-4A4E-9E04-DC52D4A698FF}.Debug|Any CPU.Build.0 = Debug|Any CPU
		{B246417A-4D99-4A4E-9E04-DC52D4A698FF}.Release|Any CPU.ActiveCfg = Release|Any CPU
		{B246417A-4D99-4A4E-9E04-DC52D4A698FF}.Release|Any CPU.Build.0 = Release|Any CPU
		{12542D74-067C-458B-9B64-43BBBDA2D0DB}.Debug|Any CPU.ActiveCfg = Debug|Any CPU
		{12542D74-067C-458B-9B64-43BBBDA2D0DB}.Debug|Any CPU.Build.0 = Debug|Any CPU
		{12542D74-067C-458B-9B64-43BBBDA2D0DB}.Release|Any CPU.ActiveCfg = Release|Any CPU
		{12542D74-067C-458B-9B64-43BBBDA2D0DB}.Release|Any CPU.Build.0 = Release|Any CPU
		{EC845428-DB9D-4C48-AF30-236116379122}.Debug|Any CPU.ActiveCfg = Debug|Any CPU
		{EC845428-DB9D-4C48-AF30-236116379122}.Debug|Any CPU.Build.0 = Debug|Any CPU
		{EC845428-DB9D-4C48-AF30-236116379122}.Release|Any CPU.ActiveCfg = Release|Any CPU
		{EC845428-DB9D-4C48-AF30-236116379122}.Release|Any CPU.Build.0 = Release|Any CPU
		{BF7A736A-8A11-4F72-854F-6A249CF58F5A}.Debug|Any CPU.ActiveCfg = Debug|Any CPU
		{BF7A736A-8A11-4F72-854F-6A249CF58F5A}.Debug|Any CPU.Build.0 = Debug|Any CPU
		{BF7A736A-8A11-4F72-854F-6A249CF58F5A}.Release|Any CPU.ActiveCfg = Release|Any CPU
		{BF7A736A-8A11-4F72-854F-6A249CF58F5A}.Release|Any CPU.Build.0 = Release|Any CPU
	EndGlobalSection
	GlobalSection(SolutionProperties) = preSolution
		HideSolutionNode = FALSE
	EndGlobalSection
	GlobalSection(NestedProjects) = preSolution
		{E5A9445B-1B0F-46ED-9615-48E3FBCF0BA9} = {EA511A6A-5996-4679-B18E-5F7CAADE0593}
		{DB0E3859-6106-4469-89A2-E5CB6CD8F496} = {E5A9445B-1B0F-46ED-9615-48E3FBCF0BA9}
		{1A5CFA88-257F-4F23-90DF-0652D28BCFF1} = {E5A9445B-1B0F-46ED-9615-48E3FBCF0BA9}
		{9B32F8A3-7C75-4885-8600-57E26DCD5B34} = {E5A9445B-1B0F-46ED-9615-48E3FBCF0BA9}
		{1D1F5622-100D-4EFC-8F7C-70F1810898FB} = {E5A9445B-1B0F-46ED-9615-48E3FBCF0BA9}
		{EF34CBDA-84AC-4A29-B23C-DBBB6275029F} = {E5A9445B-1B0F-46ED-9615-48E3FBCF0BA9}
		{4FFAC92F-94B7-4202-A83F-F3F1C116F8F2} = {EA511A6A-5996-4679-B18E-5F7CAADE0593}
		{E1B17DE2-6FC6-4B11-9CB0-237566EE558A} = {4FFAC92F-94B7-4202-A83F-F3F1C116F8F2}
		{8FCA01A1-94F0-42B0-BFA4-184B49710750} = {4FFAC92F-94B7-4202-A83F-F3F1C116F8F2}
		{8A5C7153-E197-45FC-91D4-9A8CF13D783E} = {4FFAC92F-94B7-4202-A83F-F3F1C116F8F2}
		{F5B5A5F4-7DD2-4279-AE11-08EFF68BECF0} = {9B32F8A3-7C75-4885-8600-57E26DCD5B34}
		{076C654B-B70B-41CF-8C50-6A1B9718F2A5} = {DB0E3859-6106-4469-89A2-E5CB6CD8F496}
		{FF6BB1E1-EC51-4F10-B0A7-B00D433A695E} = {4FFAC92F-94B7-4202-A83F-F3F1C116F8F2}
		{A123A881-2C5E-4A42-A5DA-3D5039C0598D} = {EF34CBDA-84AC-4A29-B23C-DBBB6275029F}
		{4AA25B6A-8205-4038-B7D5-4917039EBFD0} = {0D5BA374-C325-476E-820C-493E03E0A364}
		{BEC7F52F-1872-4167-9BD6-E8EC502422E6} = {EA511A6A-5996-4679-B18E-5F7CAADE0593}
		{4156D2DE-3F28-46AE-886F-D7066BAFB0A0} = {BEC7F52F-1872-4167-9BD6-E8EC502422E6}
		{CC372B80-011D-4AD3-A65F-A12188799DD7} = {BEC7F52F-1872-4167-9BD6-E8EC502422E6}
		{DCE185D9-A0A9-4ABD-A8B8-E9539395C3AC} = {BEC7F52F-1872-4167-9BD6-E8EC502422E6}
		{414A37F4-478D-4443-B707-E5DD78896D5B} = {BEC7F52F-1872-4167-9BD6-E8EC502422E6}
		{C9FE0CA5-42E1-4B08-ABAE-0CD14BAE767B} = {BEC7F52F-1872-4167-9BD6-E8EC502422E6}
		{579E63A1-EC6D-489A-A892-AD8EE615DDB2} = {CC372B80-011D-4AD3-A65F-A12188799DD7}
		{84B963E6-CCB6-4DA8-8064-F5B2E387BE9A} = {414A37F4-478D-4443-B707-E5DD78896D5B}
		{B246417A-4D99-4A4E-9E04-DC52D4A698FF} = {4FFAC92F-94B7-4202-A83F-F3F1C116F8F2}
		{12542D74-067C-458B-9B64-43BBBDA2D0DB} = {DCE185D9-A0A9-4ABD-A8B8-E9539395C3AC}
		{EC845428-DB9D-4C48-AF30-236116379122} = {4156D2DE-3F28-46AE-886F-D7066BAFB0A0}
		{BF7A736A-8A11-4F72-854F-6A249CF58F5A} = {1A5CFA88-257F-4F23-90DF-0652D28BCFF1}
	EndGlobalSection
	GlobalSection(ExtensibilityGlobals) = postSolution
		SolutionGuid = {457964CA-2F9D-4576-B06D-822555B60A02}
	EndGlobalSection
EndGlobal
